
Microsoft Visual Studio Solution File, Format Version 12.00
# Visual Studio Version 17
VisualStudioVersion = 17.8.34322.80
MinimumVisualStudioVersion = 10.0.40219.1
Project("{FAE04EC0-301F-11D3-BF4B-00C04F79EFBC}") = "MSSpeechServer", "MSSpeechServer\MSSpeechServer.csproj", "{098C2283-B438-4B90-A130-222872CF180E}"
EndProject
Global
	GlobalSection(SolutionConfigurationPlatforms) = preSolution
		Debug|Any CPU = Debug|Any CPU
		Release|Any CPU = Release|Any CPU
	EndGlobalSection
	GlobalSection(ProjectConfigurationPlatforms) = postSolution
		{098C2283-B438-4B90-A130-222872CF180E}.Debug|Any CPU.ActiveCfg = Debug|Any CPU
		{098C2283-B438-4B90-A130-222872CF180E}.Debug|Any CPU.Build.0 = Debug|Any CPU
		{098C2283-B438-4B90-A130-222872CF180E}.Release|Any CPU.ActiveCfg = Release|Any CPU
		{098C2283-B438-4B90-A130-222872CF180E}.Release|Any CPU.Build.0 = Release|Any CPU
	EndGlobalSection
	GlobalSection(SolutionProperties) = preSolution
		HideSolutionNode = FALSE
	EndGlobalSection
	GlobalSection(ExtensibilityGlobals) = postSolution
		SolutionGuid = {BF1E343A-B640-48C9-81E7-DBC90295DE0B}
	EndGlobalSection
EndGlobal
